// !$*UTF8*$!
{
	archiveVersion = 1;
	classes = {
	};
	objectVersion = 48;
	objects = {

/* Begin PBXBuildFile section */
		4B504AA12000FFFA00BCC733 /* AppDelegate.swift in Sources */ = {isa = PBXBuildFile; fileRef = 4B504AA02000FFFA00BCC733 /* AppDelegate.swift */; };
		4B504AA32000FFFA00BCC733 /* ViewController.swift in Sources */ = {isa = PBXBuildFile; fileRef = 4B504AA22000FFFA00BCC733 /* ViewController.swift */; };
		4B504AA62000FFFA00BCC733 /* Main.storyboard in Resources */ = {isa = PBXBuildFile; fileRef = 4B504AA42000FFFA00BCC733 /* Main.storyboard */; };
		4B504AA82000FFFA00BCC733 /* Assets.xcassets in Resources */ = {isa = PBXBuildFile; fileRef = 4B504AA72000FFFA00BCC733 /* Assets.xcassets */; };
		4B504AAB2000FFFA00BCC733 /* LaunchScreen.storyboard in Resources */ = {isa = PBXBuildFile; fileRef = 4B504AA92000FFFA00BCC733 /* LaunchScreen.storyboard */; };
		4BE38E4B200115230059051A /* Helper.swift in Sources */ = {isa = PBXBuildFile; fileRef = 4BE38E4A200115230059051A /* Helper.swift */; };
		4BE38E4D200117990059051A /* Tweet.swift in Sources */ = {isa = PBXBuildFile; fileRef = 4BE38E4C200117990059051A /* Tweet.swift */; };
/* End PBXBuildFile section */

/* Begin PBXFileReference section */
		4B504A9D2000FFFA00BCC733 /* LoveTweet.app */ = {isa = PBXFileReference; explicitFileType = wrapper.application; includeInIndex = 0; path = LoveTweet.app; sourceTree = BUILT_PRODUCTS_DIR; };
		4B504AA02000FFFA00BCC733 /* AppDelegate.swift */ = {isa = PBXFileReference; lastKnownFileType = sourcecode.swift; path = AppDelegate.swift; sourceTree = "<group>"; };
		4B504AA22000FFFA00BCC733 /* ViewController.swift */ = {isa = PBXFileReference; lastKnownFileType = sourcecode.swift; path = ViewController.swift; sourceTree = "<group>"; };
		4B504AA52000FFFA00BCC733 /* Base */ = {isa = PBXFileReference; lastKnownFileType = file.storyboard; name = Base; path = Base.lproj/Main.storyboard; sourceTree = "<group>"; };
		4B504AA72000FFFA00BCC733 /* Assets.xcassets */ = {isa = PBXFileReference; lastKnownFileType = folder.assetcatalog; path = Assets.xcassets; sourceTree = "<group>"; };
		4B504AAA2000FFFA00BCC733 /* Base */ = {isa = PBXFileReference; lastKnownFileType = file.storyboard; name = Base; path = Base.lproj/LaunchScreen.storyboard; sourceTree = "<group>"; };
		4B504AAC2000FFFA00BCC733 /* Info.plist */ = {isa = PBXFileReference; lastKnownFileType = text.plist.xml; path = Info.plist; sourceTree = "<group>"; };
		4BE38E4A200115230059051A /* Helper.swift */ = {isa = PBXFileReference; lastKnownFileType = sourcecode.swift; path = Helper.swift; sourceTree = "<group>"; };
		4BE38E4C200117990059051A /* Tweet.swift */ = {isa = PBXFileReference; lastKnownFileType = sourcecode.swift; path = Tweet.swift; sourceTree = "<group>"; };
/* End PBXFileReference section */

/* Begin PBXFrameworksBuildPhase section */
		4B504A9A2000FFFA00BCC733 /* Frameworks */ = {
			isa = PBXFrameworksBuildPhase;
			buildActionMask = 2147483647;
			files = (
			);
			runOnlyForDeploymentPostprocessing = 0;
		};
/* End PBXFrameworksBuildPhase section */

/* Begin PBXGroup section */
		4B504A942000FFFA00BCC733 = {
			isa = PBXGroup;
			children = (
				4B504A9F2000FFFA00BCC733 /* LoveTweet */,
				4B504A9E2000FFFA00BCC733 /* Products */,
			);
			sourceTree = "<group>";
		};
		4B504A9E2000FFFA00BCC733 /* Products */ = {
			isa = PBXGroup;
			children = (
				4B504A9D2000FFFA00BCC733 /* LoveTweet.app */,
			);
			name = Products;
			sourceTree = "<group>";
		};
		4B504A9F2000FFFA00BCC733 /* LoveTweet */ = {
			isa = PBXGroup;
			children = (
				4B504AA02000FFFA00BCC733 /* AppDelegate.swift */,
				4B504AA22000FFFA00BCC733 /* ViewController.swift */,
				4BE38E4C200117990059051A /* Tweet.swift */,
				4BE38E4A200115230059051A /* Helper.swift */,
				4B504AA42000FFFA00BCC733 /* Main.storyboard */,
				4B504AA72000FFFA00BCC733 /* Assets.xcassets */,
				4B504AA92000FFFA00BCC733 /* LaunchScreen.storyboard */,
				4B504AAC2000FFFA00BCC733 /* Info.plist */,
			);
			path = LoveTweet;
			sourceTree = "<group>";
		};
/* End PBXGroup section */

/* Begin PBXNativeTarget section */
		4B504A9C2000FFFA00BCC733 /* LoveTweet */ = {
			isa = PBXNativeTarget;
			buildConfigurationList = 4B504AAF2000FFFA00BCC733 /* Build configuration list for PBXNativeTarget "LoveTweet" */;
			buildPhases = (
				4B504A992000FFFA00BCC733 /* Sources */,
				4B504A9A2000FFFA00BCC733 /* Frameworks */,
				4B504A9B2000FFFA00BCC733 /* Resources */,
			);
			buildRules = (
			);
			dependencies = (
			);
			name = LoveTweet;
			productName = LoveTweet;
			productReference = 4B504A9D2000FFFA00BCC733 /* LoveTweet.app */;
			productType = "com.apple.product-type.application";
		};
/* End PBXNativeTarget section */

/* Begin PBXProject section */
		4B504A952000FFFA00BCC733 /* Project object */ = {
			isa = PBXProject;
			attributes = {
				LastSwiftUpdateCheck = 0910;
				LastUpgradeCheck = 0910;
				ORGANIZATIONNAME = school;
				TargetAttributes = {
					4B504A9C2000FFFA00BCC733 = {
						CreatedOnToolsVersion = 9.1;
						ProvisioningStyle = Automatic;
					};
				};
			};
			buildConfigurationList = 4B504A982000FFFA00BCC733 /* Build configuration list for PBXProject "LoveTweet" */;
			compatibilityVersion = "Xcode 8.0";
			developmentRegion = en;
			hasScannedForEncodings = 0;
			knownRegions = (
				en,
				Base,
			);
			mainGroup = 4B504A942000FFFA00BCC733;
			productRefGroup = 4B504A9E2000FFFA00BCC733 /* Products */;
			projectDirPath = "";
			projectRoot = "";
			targets = (
				4B504A9C2000FFFA00BCC733 /* LoveTweet */,
			);
		};
/* End PBXProject section */

/* Begin PBXResourcesBuildPhase section */
		4B504A9B2000FFFA00BCC733 /* Resources */ = {
			isa = PBXResourcesBuildPhase;
			buildActionMask = 2147483647;
			files = (
				4B504AAB2000FFFA00BCC733 /* LaunchScreen.storyboard in Resources */,
				4B504AA82000FFFA00BCC733 /* Assets.xcassets in Resources */,
				4B504AA62000FFFA00BCC733 /* Main.storyboard in Resources */,
			);
			runOnlyForDeploymentPostprocessing = 0;
		};
/* End PBXResourcesBuildPhase section */

/* Begin PBXSourcesBuildPhase section */
		4B504A992000FFFA00BCC733 /* Sources */ = {
			isa = PBXSourcesBuildPhase;
			buildActionMask = 2147483647;
			files = (
				4B504AA32000FFFA00BCC733 /* ViewController.swift in Sources */,
				4B504AA12000FFFA00BCC733 /* AppDelegate.swift in Sources */,
				4BE38E4B200115230059051A /* Helper.swift in Sources */,
				4BE38E4D200117990059051A /* Tweet.swift in Sources */,
			);
			runOnlyForDeploymentPostprocessing = 0;
		};
/* End PBXSourcesBuildPhase section */

/* Begin PBXVariantGroup section */
		4B504AA42000FFFA00BCC733 /* Main.storyboard */ = {
			isa = PBXVariantGroup;
			children = (
				4B504AA52000FFFA00BCC733 /* Base */,
			);
			name = Main.storyboard;
			sourceTree = "<group>";
		};
		4B504AA92000FFFA00BCC733 /* LaunchScreen.storyboard */ = {
			isa = PBXVariantGroup;
			children = (
				4B504AAA2000FFFA00BCC733 /* Base */,
			);
			name = LaunchScreen.storyboard;
			sourceTree = "<group>";
		};
/* End PBXVariantGroup section */

/* Begin XCBuildConfiguration section */
		4B504AAD2000FFFA00BCC733 /* Debug */ = {
			isa = XCBuildConfiguration;
			buildSettings = {
				ALWAYS_SEARCH_USER_PATHS = NO;
				CLANG_ANALYZER_NONNULL = YES;
				CLANG_ANALYZER_NUMBER_OBJECT_CONVERSION = YES_AGGRESSIVE;
				CLANG_CXX_LANGUAGE_STANDARD = "gnu++14";
				CLANG_CXX_LIBRARY = "libc++";
				CLANG_ENABLE_MODULES = YES;
				CLANG_ENABLE_OBJC_ARC = YES;
				CLANG_WARN_BLOCK_CAPTURE_AUTORELEASING = YES;
				CLANG_WARN_BOOL_CONVERSION = YES;
				CLANG_WARN_COMMA = YES;
				CLANG_WARN_CONSTANT_CONVERSION = YES;
				CLANG_WARN_DIRECT_OBJC_ISA_USAGE = YES_ERROR;
				CLANG_WARN_DOCUMENTATION_COMMENTS = YES;
				CLANG_WARN_EMPTY_BODY = YES;
				CLANG_WARN_ENUM_CONVERSION = YES;
				CLANG_WARN_INFINITE_RECURSION = YES;
				CLANG_WARN_INT_CONVERSION = YES;
				CLANG_WARN_NON_LITERAL_NULL_CONVERSION = YES;
				CLANG_WARN_OBJC_LITERAL_CONVERSION = YES;
				CLANG_WARN_OBJC_ROOT_CLASS = YES_ERROR;
				CLANG_WARN_RANGE_LOOP_ANALYSIS = YES;
				CLANG_WARN_STRICT_PROTOTYPES = YES;
				CLANG_WARN_SUSPICIOUS_MOVE = YES;
				CLANG_WARN_UNGUARDED_AVAILABILITY = YES_AGGRESSIVE;
				CLANG_WARN_UNREACHABLE_CODE = YES;
				CLANG_WARN__DUPLICATE_METHOD_MATCH = YES;
				CODE_SIGN_IDENTITY = "iPhone Developer";
				COPY_PHASE_STRIP = NO;
				DEBUG_INFORMATION_FORMAT = dwarf;
				ENABLE_STRICT_OBJC_MSGSEND = YES;
				ENABLE_TESTABILITY = YES;
				GCC_C_LANGUAGE_STANDARD = gnu11;
				GCC_DYNAMIC_NO_PIC = NO;
				GCC_NO_COMMON_BLOCKS = YES;
				GCC_OPTIMIZATION_LEVEL = 0;
				GCC_PREPROCESSOR_DEFINITIONS = (
					"DEBUG=1",
					"$(inherited)",
				);
				GCC_WARN_64_TO_32_BIT_CONVERSION = YES;
				GCC_WARN_ABOUT_RETURN_TYPE = YES_ERROR;
				GCC_WARN_UNDECLARED_SELECTOR = YES;
				GCC_WARN_UNINITIALIZED_AUTOS = YES_AGGRESSIVE;
				GCC_WARN_UNUSED_FUNCTION = YES;
				GCC_WARN_UNUSED_VARIABLE = YES;
				IPHONEOS_DEPLOYMENT_TARGET = 11.1;
				MTL_ENABLE_DEBUG_INFO = YES;
				ONLY_ACTIVE_ARCH = YES;
				SDKROOT = iphoneos;
				SWIFT_ACTIVE_COMPILATION_CONDITIONS = DEBUG;
				SWIFT_OPTIMIZATION_LEVEL = "-Onone";
			};
			name = Debug;
		};
		4B504AAE2000FFFA00BCC733 /* Release */ = {
			isa = XCBuildConfiguration;
			buildSettings = {
				ALWAYS_SEARCH_USER_PATHS = NO;
				CLANG_ANALYZER_NONNULL = YES;
				CLANG_ANALYZER_NUMBER_OBJECT_CONVERSION = YES_AGGRESSIVE;
				CLANG_CXX_LANGUAGE_STANDARD = "gnu++14";
				CLANG_CXX_LIBRARY = "libc++";
				CLANG_ENABLE_MODULES = YES;
				CLANG_ENABLE_OBJC_ARC = YES;
				CLANG_WARN_BLOCK_CAPTURE_AUTORELEASING = YES;
				CLANG_WARN_BOOL_CONVERSION = YES;
				CLANG_WARN_COMMA = YES;
				CLANG_WARN_CONSTANT_CONVERSION = YES;
				CLANG_WARN_DIRECT_OBJC_ISA_USAGE = YES_ERROR;
				CLANG_WARN_DOCUMENTATION_COMMENTS = YES;
				CLANG_WARN_EMPTY_BODY = YES;
				CLANG_WARN_ENUM_CONVERSION = YES;
				CLANG_WARN_INFINITE_RECURSION = YES;
				CLANG_WARN_INT_CONVERSION = YES;
				CLANG_WARN_NON_LITERAL_NULL_CONVERSION = YES;
				CLANG_WARN_OBJC_LITERAL_CONVERSION = YES;
				CLANG_WARN_OBJC_ROOT_CLASS = YES_ERROR;
				CLANG_WARN_RANGE_LOOP_ANALYSIS = YES;
				CLANG_WARN_STRICT_PROTOTYPES = YES;
				CLANG_WARN_SUSPICIOUS_MOVE = YES;
				CLANG_WARN_UNGUARDED_AVAILABILITY = YES_AGGRESSIVE;
				CLANG_WARN_UNREACHABLE_CODE = YES;
				CLANG_WARN__DUPLICATE_METHOD_MATCH = YES;
				CODE_SIGN_IDENTITY = "iPhone Developer";
				COPY_PHASE_STRIP = NO;
				DEBUG_INFORMATION_FORMAT = "dwarf-with-dsym";
				ENABLE_NS_ASSERTIONS = NO;
				ENABLE_STRICT_OBJC_MSGSEND = YES;
				GCC_C_LANGUAGE_STANDARD = gnu11;
				GCC_NO_COMMON_BLOCKS = YES;
				GCC_WARN_64_TO_32_BIT_CONVERSION = YES;
				GCC_WARN_ABOUT_RETURN_TYPE = YES_ERROR;
				GCC_WARN_UNDECLARED_SELECTOR = YES;
				GCC_WARN_UNINITIALIZED_AUTOS = YES_AGGRESSIVE;
				GCC_WARN_UNUSED_FUNCTION = YES;
				GCC_WARN_UNUSED_VARIABLE = YES;
				IPHONEOS_DEPLOYMENT_TARGET = 11.1;
				MTL_ENABLE_DEBUG_INFO = NO;
				SDKROOT = iphoneos;
				SWIFT_OPTIMIZATION_LEVEL = "-Owholemodule";
				VALIDATE_PRODUCT = YES;
			};
			name = Release;
		};
		4B504AB02000FFFA00BCC733 /* Debug */ = {
			isa = XCBuildConfiguration;
			buildSettings = {
				ASSETCATALOG_COMPILER_APPICON_NAME = AppIcon;
				CODE_SIGN_STYLE = Automatic;
				INFOPLIST_FILE = LoveTweet/Info.plist;
				LD_RUNPATH_SEARCH_PATHS = "$(inherited) @executable_path/Frameworks";
				PRODUCT_BUNDLE_IDENTIFIER = com.teaocat.LoveTweet;
				PRODUCT_NAME = "$(TARGET_NAME)";
				SWIFT_VERSION = 4.0;
				TARGETED_DEVICE_FAMILY = "1,2";
			};
			name = Debug;
		};
		4B504AB12000FFFA00BCC733 /* Release */ = {
			isa = XCBuildConfiguration;
			buildSettings = {
				ASSETCATALOG_COMPILER_APPICON_NAME = AppIcon;
				CODE_SIGN_STYLE = Automatic;
				INFOPLIST_FILE = LoveTweet/Info.plist;
				LD_RUNPATH_SEARCH_PATHS = "$(inherited) @executable_path/Frameworks";
				PRODUCT_BUNDLE_IDENTIFIER = com.teaocat.LoveTweet;
				PRODUCT_NAME = "$(TARGET_NAME)";
				SWIFT_VERSION = 4.0;
				TARGETED_DEVICE_FAMILY = "1,2";
			};
			name = Release;
		};
/* End XCBuildConfiguration section */

/* Begin XCConfigurationList section */
		4B504A982000FFFA00BCC733 /* Build configuration list for PBXProject "LoveTweet" */ = {
			isa = XCConfigurationList;
			buildConfigurations = (
				4B504AAD2000FFFA00BCC733 /* Debug */,
				4B504AAE2000FFFA00BCC733 /* Release */,
			);
			defaultConfigurationIsVisible = 0;
			defaultConfigurationName = Release;
		};
		4B504AAF2000FFFA00BCC733 /* Build configuration list for PBXNativeTarget "LoveTweet" */ = {
			isa = XCConfigurationList;
			buildConfigurations = (
				4B504AB02000FFFA00BCC733 /* Debug */,
				4B504AB12000FFFA00BCC733 /* Release */,
			);
			defaultConfigurationIsVisible = 0;
			defaultConfigurationName = Release;
		};
/* End XCConfigurationList section */
	};
	rootObject = 4B504A952000FFFA00BCC733 /* Project object */;
}
